
Microsoft Visual Studio Solution File, Format Version 12.00
# Visual Studio Version 17
VisualStudioVersion = 17.4.33205.214
MinimumVisualStudioVersion = 10.0.40219.1
Project("{9A19103F-16F7-4668-BE54-9A1E7A4F7556}") = "NLayer.Core", "NLayer.Core\NLayer.Core.csproj", "{D9ED723F-8CC3-490E-8789-D89C673F69F7}"
EndProject
Project("{9A19103F-16F7-4668-BE54-9A1E7A4F7556}") = "NLayer.Repository", "NLayer.Repository\NLayer.Repository.csproj", "{8E178C20-BFD0-4791-915C-74C0E6FFCA68}"
EndProject
Project("{9A19103F-16F7-4668-BE54-9A1E7A4F7556}") = "Nlayer.Service", "Nlayer.Service\Nlayer.Service.csproj", "{6F0CE0AC-C3C4-40EA-8EA4-BA78BE86184D}"
EndProject
Project("{9A19103F-16F7-4668-BE54-9A1E7A4F7556}") = "NLayer.API", "NLayer.API\NLayer.API.csproj", "{4E2D6244-BA73-4126-857F-792351374AA3}"
EndProject
Project("{9A19103F-16F7-4668-BE54-9A1E7A4F7556}") = "NLayer.WEB", "NLayer.WEB\NLayer.WEB.csproj", "{6789257D-FCDE-4A42-AC44-700374E220D0}"
EndProject
Project("{9A19103F-16F7-4668-BE54-9A1E7A4F7556}") = "NLayer.Caching", "NLayer.Caching\NLayer.Caching.csproj", "{E95AC10E-2282-4BEF-9975-CA3D83062CD0}"
EndProject
Global
	GlobalSection(SolutionConfigurationPlatforms) = preSolution
		Debug|Any CPU = Debug|Any CPU
		Release|Any CPU = Release|Any CPU
	EndGlobalSection
	GlobalSection(ProjectConfigurationPlatforms) = postSolution
		{D9ED723F-8CC3-490E-8789-D89C673F69F7}.Debug|Any CPU.ActiveCfg = Debug|Any CPU
		{D9ED723F-8CC3-490E-8789-D89C673F69F7}.Debug|Any CPU.Build.0 = Debug|Any CPU
		{D9ED723F-8CC3-490E-8789-D89C673F69F7}.Release|Any CPU.ActiveCfg = Release|Any CPU
		{D9ED723F-8CC3-490E-8789-D89C673F69F7}.Release|Any CPU.Build.0 = Release|Any CPU
		{8E178C20-BFD0-4791-915C-74C0E6FFCA68}.Debug|Any CPU.ActiveCfg = Debug|Any CPU
		{8E178C20-BFD0-4791-915C-74C0E6FFCA68}.Debug|Any CPU.Build.0 = Debug|Any CPU
		{8E178C20-BFD0-4791-915C-74C0E6FFCA68}.Release|Any CPU.ActiveCfg = Release|Any CPU
		{8E178C20-BFD0-4791-915C-74C0E6FFCA68}.Release|Any CPU.Build.0 = Release|Any CPU
		{6F0CE0AC-C3C4-40EA-8EA4-BA78BE86184D}.Debug|Any CPU.ActiveCfg = Debug|Any CPU
		{6F0CE0AC-C3C4-40EA-8EA4-BA78BE86184D}.Debug|Any CPU.Build.0 = Debug|Any CPU
		{6F0CE0AC-C3C4-40EA-8EA4-BA78BE86184D}.Release|Any CPU.ActiveCfg = Release|Any CPU
		{6F0CE0AC-C3C4-40EA-8EA4-BA78BE86184D}.Release|Any CPU.Build.0 = Release|Any CPU
		{4E2D6244-BA73-4126-857F-792351374AA3}.Debug|Any CPU.ActiveCfg = Release|Any CPU
		{4E2D6244-BA73-4126-857F-792351374AA3}.Debug|Any CPU.Build.0 = Release|Any CPU
		{4E2D6244-BA73-4126-857F-792351374AA3}.Release|Any CPU.ActiveCfg = Release|Any CPU
		{4E2D6244-BA73-4126-857F-792351374AA3}.Release|Any CPU.Build.0 = Release|Any CPU
		{6789257D-FCDE-4A42-AC44-700374E220D0}.Debug|Any CPU.ActiveCfg = Release|Any CPU
		{6789257D-FCDE-4A42-AC44-700374E220D0}.Debug|Any CPU.Build.0 = Release|Any CPU
		{6789257D-FCDE-4A42-AC44-700374E220D0}.Release|Any CPU.ActiveCfg = Release|Any CPU
		{6789257D-FCDE-4A42-AC44-700374E220D0}.Release|Any CPU.Build.0 = Release|Any CPU
		{E95AC10E-2282-4BEF-9975-CA3D83062CD0}.Debug|Any CPU.ActiveCfg = Debug|Any CPU
		{E95AC10E-2282-4BEF-9975-CA3D83062CD0}.Debug|Any CPU.Build.0 = Debug|Any CPU
		{E95AC10E-2282-4BEF-9975-CA3D83062CD0}.Release|Any CPU.ActiveCfg = Release|Any CPU
		{E95AC10E-2282-4BEF-9975-CA3D83062CD0}.Release|Any CPU.Build.0 = Release|Any CPU
	EndGlobalSection
	GlobalSection(SolutionProperties) = preSolution
		HideSolutionNode = FALSE
	EndGlobalSection
	GlobalSection(ExtensibilityGlobals) = postSolution
		SolutionGuid = {FCE7F357-42DB-4758-A0C9-65498070391A}
	EndGlobalSection
EndGlobal
